
Microsoft Visual Studio Solution File, Format Version 12.00
# Visual Studio Version 17
VisualStudioVersion = 17.10.35013.160
MinimumVisualStudioVersion = 10.0.40219.1
Project("{9A19103F-16F7-4668-BE54-9A1E7A4F7556}") = "CodeFlattener", "CodeFlattener\CodeFlattener.csproj", "{DBD43F85-5057-459A-AAE4-C4B8CEAA5177}"
EndProject
Project("{9A19103F-16F7-4668-BE54-9A1E7A4F7556}") = "CodeFlattener.Tests", "CodeFlattener.Tests\CodeFlattener.Tests.csproj", "{416130D3-3698-4E16-900E-8768A272CDDE}"
EndProject
Global
	GlobalSection(SolutionConfigurationPlatforms) = preSolution
		Debug|Any CPU = Debug|Any CPU
		Release|Any CPU = Release|Any CPU
	EndGlobalSection
	GlobalSection(ProjectConfigurationPlatforms) = postSolution
		{DBD43F85-5057-459A-AAE4-C4B8CEAA5177}.Debug|Any CPU.ActiveCfg = Debug|Any CPU
		{DBD43F85-5057-459A-AAE4-C4B8CEAA5177}.Debug|Any CPU.Build.0 = Debug|Any CPU
		{DBD43F85-5057-459A-AAE4-C4B8CEAA5177}.Release|Any CPU.ActiveCfg = Release|Any CPU
		{DBD43F85-5057-459A-AAE4-C4B8CEAA5177}.Release|Any CPU.Build.0 = Release|Any CPU
		{416130D3-3698-4E16-900E-8768A272CDDE}.Debug|Any CPU.ActiveCfg = Debug|Any CPU
		{416130D3-3698-4E16-900E-8768A272CDDE}.Debug|Any CPU.Build.0 = Debug|Any CPU
		{416130D3-3698-4E16-900E-8768A272CDDE}.Release|Any CPU.ActiveCfg = Release|Any CPU
		{416130D3-3698-4E16-900E-8768A272CDDE}.Release|Any CPU.Build.0 = Release|Any CPU
	EndGlobalSection
	GlobalSection(SolutionProperties) = preSolution
		HideSolutionNode = FALSE
	EndGlobalSection
	GlobalSection(ExtensibilityGlobals) = postSolution
		SolutionGuid = {5500A3C0-DD33-429C-BD8A-8AB7FA0ADC3E}
	EndGlobalSection
EndGlobal
